
Microsoft Visual Studio Solution File, Format Version 12.00
# Visual Studio Version 17
VisualStudioVersion = 17.8.34219.65
MinimumVisualStudioVersion = 10.0.40219.1
Project("{9A19103F-16F7-4668-BE54-9A1E7A4F7556}") = "C#_SandBox_2", "C#_SandBox_2.csproj", "{72D87E5F-2278-401B-8515-9B622BF49490}"
EndProject
Project("{FAE04EC0-301F-11D3-BF4B-00C04F79EFBC}") = "ExternalEnum", "..\ExternalEnum\ExternalEnum.csproj", "{4C79393C-3E12-4D8A-A06C-16BB1DB048B7}"
EndProject
Global
	GlobalSection(SolutionConfigurationPlatforms) = preSolution
		Debug|Any CPU = Debug|Any CPU
		Release|Any CPU = Release|Any CPU
	EndGlobalSection
	GlobalSection(ProjectConfigurationPlatforms) = postSolution
		{72D87E5F-2278-401B-8515-9B622BF49490}.Debug|Any CPU.ActiveCfg = Debug|Any CPU
		{72D87E5F-2278-401B-8515-9B622BF49490}.Debug|Any CPU.Build.0 = Debug|Any CPU
		{72D87E5F-2278-401B-8515-9B622BF49490}.Release|Any CPU.ActiveCfg = Release|Any CPU
		{72D87E5F-2278-401B-8515-9B622BF49490}.Release|Any CPU.Build.0 = Release|Any CPU
		{4C79393C-3E12-4D8A-A06C-16BB1DB048B7}.Debug|Any CPU.ActiveCfg = Debug|Any CPU
		{4C79393C-3E12-4D8A-A06C-16BB1DB048B7}.Debug|Any CPU.Build.0 = Debug|Any CPU
		{4C79393C-3E12-4D8A-A06C-16BB1DB048B7}.Release|Any CPU.ActiveCfg = Release|Any CPU
		{4C79393C-3E12-4D8A-A06C-16BB1DB048B7}.Release|Any CPU.Build.0 = Release|Any CPU
	EndGlobalSection
	GlobalSection(SolutionProperties) = preSolution
		HideSolutionNode = FALSE
	EndGlobalSection
	GlobalSection(ExtensibilityGlobals) = postSolution
		SolutionGuid = {39636988-214A-4D7E-A6A8-7AA85C74BD99}
	EndGlobalSection
EndGlobal
