
Microsoft Visual Studio Solution File, Format Version 12.00
# Visual Studio Version 17
VisualStudioVersion = 17.8.34212.112
MinimumVisualStudioVersion = 10.0.40219.1
Project("{FAE04EC0-301F-11D3-BF4B-00C04F79EFBC}") = "C#_SandBox", "C#_SandBox.csproj", "{BF5D54AB-6CB0-4E6A-97D7-139E43DD0F8A}"
EndProject
Global
	GlobalSection(SolutionConfigurationPlatforms) = preSolution
		Debug|Any CPU = Debug|Any CPU
		Release|Any CPU = Release|Any CPU
	EndGlobalSection
	GlobalSection(ProjectConfigurationPlatforms) = postSolution
		{BF5D54AB-6CB0-4E6A-97D7-139E43DD0F8A}.Debug|Any CPU.ActiveCfg = Debug|Any CPU
		{BF5D54AB-6CB0-4E6A-97D7-139E43DD0F8A}.Debug|Any CPU.Build.0 = Debug|Any CPU
		{BF5D54AB-6CB0-4E6A-97D7-139E43DD0F8A}.Release|Any CPU.ActiveCfg = Release|Any CPU
		{BF5D54AB-6CB0-4E6A-97D7-139E43DD0F8A}.Release|Any CPU.Build.0 = Release|Any CPU
	EndGlobalSection
	GlobalSection(SolutionProperties) = preSolution
		HideSolutionNode = FALSE
	EndGlobalSection
	GlobalSection(ExtensibilityGlobals) = postSolution
		SolutionGuid = {51E0A22C-4D4A-4A48-97B5-1D51244FE1DB}
	EndGlobalSection
EndGlobal
